language: nl
expansion_rules:
  lock: '[de|het|een] ([deur]slot[en]|vergrendeling[en])'
  locked: (<to> slot|[<to>] vergrendeld)
  unlocked: '[<to>] (van [het] slot|ontgrendeld)'
  lock_name: "(\n  <lock> [van] <name>\n |<name>[ ]([deur]slot[en]|vergrendeling[en])\n)\n"
  lock_name_area: "(\n  <lock> [van] [{area}[ ]]<name>\n  |<lock_name> [<in> <area>]\n  |[<in> <area>] <lock_name>)\n  |<area>[ ]<name>[ ]([deur]slot[en]|vergrendeling[en]\n)\n"
